
Microsoft Visual Studio Solution File, Format Version 12.00
# Visual Studio Version 17
VisualStudioVersion = 17.13.35825.156 d17.13
MinimumVisualStudioVersion = 10.0.40219.1
Project("{FAE04EC0-301F-11D3-BF4B-00C04F79EFBC}") = "Ejercicio519796703", "Ejercicio519796703\Ejercicio519796703.csproj", "{FFFD6CBF-4AB0-4C0E-9DE7-10E2B05A207D}"
EndProject
Global
	GlobalSection(SolutionConfigurationPlatforms) = preSolution
		Debug|Any CPU = Debug|Any CPU
		Release|Any CPU = Release|Any CPU
	EndGlobalSection
	GlobalSection(ProjectConfigurationPlatforms) = postSolution
		{FFFD6CBF-4AB0-4C0E-9DE7-10E2B05A207D}.Debug|Any CPU.ActiveCfg = Debug|Any CPU
		{FFFD6CBF-4AB0-4C0E-9DE7-10E2B05A207D}.Debug|Any CPU.Build.0 = Debug|Any CPU
		{FFFD6CBF-4AB0-4C0E-9DE7-10E2B05A207D}.Debug|Any CPU.Deploy.0 = Debug|Any CPU
		{FFFD6CBF-4AB0-4C0E-9DE7-10E2B05A207D}.Release|Any CPU.ActiveCfg = Release|Any CPU
		{FFFD6CBF-4AB0-4C0E-9DE7-10E2B05A207D}.Release|Any CPU.Build.0 = Release|Any CPU
		{FFFD6CBF-4AB0-4C0E-9DE7-10E2B05A207D}.Release|Any CPU.Deploy.0 = Release|Any CPU
	EndGlobalSection
	GlobalSection(SolutionProperties) = preSolution
		HideSolutionNode = FALSE
	EndGlobalSection
	GlobalSection(ExtensibilityGlobals) = postSolution
		SolutionGuid = {3E91CFCC-6F92-4ED7-B1FF-3A045C17A866}
	EndGlobalSection
EndGlobal
